// !$*UTF8*$!
{
	archiveVersion = 1;
	classes = {
	};
	objectVersion = 46;
	objects = {

/* Begin PBXBuildFile section */
		9AD3AE321CF3290700B19F83 /* XXLBSEngine.h in CopyFiles */ = {isa = PBXBuildFile; fileRef = 9AD3AE311CF3290700B19F83 /* XXLBSEngine.h */; };
		9AD3AE341CF3290700B19F83 /* XXLBSEngine.m in Sources */ = {isa = PBXBuildFile; fileRef = 9AD3AE331CF3290700B19F83 /* XXLBSEngine.m */; };
/* End PBXBuildFile section */

/* Begin PBXCopyFilesBuildPhase section */
		9AD3AE2C1CF3290700B19F83 /* CopyFiles */ = {
			isa = PBXCopyFilesBuildPhase;
			buildActionMask = 2147483647;
			dstPath = "include/$(PRODUCT_NAME)";
			dstSubfolderSpec = 16;
			files = (
				9AD3AE321CF3290700B19F83 /* XXLBSEngine.h in CopyFiles */,
			);
			runOnlyForDeploymentPostprocessing = 0;
		};
/* End PBXCopyFilesBuildPhase section */

/* Begin PBXFileReference section */
		9AD3AE2E1CF3290700B19F83 /* libXXLBSEngine.a */ = {isa = PBXFileReference; explicitFileType = archive.ar; includeInIndex = 0; path = libXXLBSEngine.a; sourceTree = BUILT_PRODUCTS_DIR; };
		9AD3AE311CF3290700B19F83 /* XXLBSEngine.h */ = {isa = PBXFileReference; lastKnownFileType = sourcecode.c.h; path = XXLBSEngine.h; sourceTree = "<group>"; };
		9AD3AE331CF3290700B19F83 /* XXLBSEngine.m */ = {isa = PBXFileReference; lastKnownFileType = sourcecode.c.objc; path = XXLBSEngine.m; sourceTree = "<group>"; };
/* End PBXFileReference section */

/* Begin PBXFrameworksBuildPhase section */
		9AD3AE2B1CF3290700B19F83 /* Frameworks */ = {
			isa = PBXFrameworksBuildPhase;
			buildActionMask = 2147483647;
			files = (
			);
			runOnlyForDeploymentPostprocessing = 0;
		};
/* End PBXFrameworksBuildPhase section */

/* Begin PBXGroup section */
		9AD3AE251CF3290700B19F83 = {
			isa = PBXGroup;
			children = (
				9AD3AE301CF3290700B19F83 /* XXLBSEngine */,
				9AD3AE2F1CF3290700B19F83 /* Products */,
			);
			sourceTree = "<group>";
		};
		9AD3AE2F1CF3290700B19F83 /* Products */ = {
			isa = PBXGroup;
			children = (
				9AD3AE2E1CF3290700B19F83 /* libXXLBSEngine.a */,
			);
			name = Products;
			sourceTree = "<group>";
		};
		9AD3AE301CF3290700B19F83 /* XXLBSEngine */ = {
			isa = PBXGroup;
			children = (
				9AD3AE311CF3290700B19F83 /* XXLBSEngine.h */,
				9AD3AE331CF3290700B19F83 /* XXLBSEngine.m */,
			);
			path = XXLBSEngine;
			sourceTree = "<group>";
		};
/* End PBXGroup section */

/* Begin PBXNativeTarget section */
		9AD3AE2D1CF3290700B19F83 /* XXLBSEngine */ = {
			isa = PBXNativeTarget;
			buildConfigurationList = 9AD3AE371CF3290700B19F83 /* Build configuration list for PBXNativeTarget "XXLBSEngine" */;
			buildPhases = (
				9AD3AE2A1CF3290700B19F83 /* Sources */,
				9AD3AE2B1CF3290700B19F83 /* Frameworks */,
				9AD3AE2C1CF3290700B19F83 /* CopyFiles */,
			);
			buildRules = (
			);
			dependencies = (
			);
			name = XXLBSEngine;
			productName = XXLBSEngine;
			productReference = 9AD3AE2E1CF3290700B19F83 /* libXXLBSEngine.a */;
			productType = "com.apple.product-type.library.static";
		};
/* End PBXNativeTarget section */

/* Begin PBXProject section */
		9AD3AE261CF3290700B19F83 /* Project object */ = {
			isa = PBXProject;
			attributes = {
				LastUpgradeCheck = 0730;
				ORGANIZATIONNAME = tomxiang;
				TargetAttributes = {
					9AD3AE2D1CF3290700B19F83 = {
						CreatedOnToolsVersion = 7.3.1;
					};
				};
			};
			buildConfigurationList = 9AD3AE291CF3290700B19F83 /* Build configuration list for PBXProject "XXLBSEngine" */;
			compatibilityVersion = "Xcode 3.2";
			developmentRegion = English;
			hasScannedForEncodings = 0;
			knownRegions = (
				en,
			);
			mainGroup = 9AD3AE251CF3290700B19F83;
			productRefGroup = 9AD3AE2F1CF3290700B19F83 /* Products */;
			projectDirPath = "";
			projectRoot = "";
			targets = (
				9AD3AE2D1CF3290700B19F83 /* XXLBSEngine */,
			);
		};
/* End PBXProject section */

/* Begin PBXSourcesBuildPhase section */
		9AD3AE2A1CF3290700B19F83 /* Sources */ = {
			isa = PBXSourcesBuildPhase;
			buildActionMask = 2147483647;
			files = (
				9AD3AE341CF3290700B19F83 /* XXLBSEngine.m in Sources */,
			);
			runOnlyForDeploymentPostprocessing = 0;
		};
/* End PBXSourcesBuildPhase section */

/* Begin XCBuildConfiguration section */
		9AD3AE351CF3290700B19F83 /* Debug */ = {
			isa = XCBuildConfiguration;
			buildSettings = {
				ALWAYS_SEARCH_USER_PATHS = NO;
				CLANG_ANALYZER_NONNULL = YES;
				CLANG_CXX_LANGUAGE_STANDARD = "gnu++0x";
				CLANG_CXX_LIBRARY = "libc++";
				CLANG_ENABLE_MODULES = YES;
				CLANG_ENABLE_OBJC_ARC = YES;
				CLANG_WARN_BOOL_CONVERSION = YES;
				CLANG_WARN_CONSTANT_CONVERSION = YES;
				CLANG_WARN_DIRECT_OBJC_ISA_USAGE = YES_ERROR;
				CLANG_WARN_EMPTY_BODY = YES;
				CLANG_WARN_ENUM_CONVERSION = YES;
				CLANG_WARN_INT_CONVERSION = YES;
				CLANG_WARN_OBJC_ROOT_CLASS = YES_ERROR;
				CLANG_WARN_UNREACHABLE_CODE = YES;
				CLANG_WARN__DUPLICATE_METHOD_MATCH = YES;
				"CODE_SIGN_IDENTITY[sdk=iphoneos*]" = "iPhone Developer";
				COPY_PHASE_STRIP = NO;
				DEBUG_INFORMATION_FORMAT = dwarf;
				ENABLE_STRICT_OBJC_MSGSEND = YES;
				ENABLE_TESTABILITY = YES;
				GCC_C_LANGUAGE_STANDARD = gnu99;
				GCC_DYNAMIC_NO_PIC = NO;
				GCC_NO_COMMON_BLOCKS = YES;
				GCC_OPTIMIZATION_LEVEL = 0;
				GCC_PREPROCESSOR_DEFINITIONS = (
					"DEBUG=1",
					"$(inherited)",
				);
				GCC_WARN_64_TO_32_BIT_CONVERSION = YES;
				GCC_WARN_ABOUT_RETURN_TYPE = YES_ERROR;
				GCC_WARN_UNDECLARED_SELECTOR = YES;
				GCC_WARN_UNINITIALIZED_AUTOS = YES_AGGRESSIVE;
				GCC_WARN_UNUSED_FUNCTION = YES;
				GCC_WARN_UNUSED_VARIABLE = YES;
				IPHONEOS_DEPLOYMENT_TARGET = 9.3;
				MTL_ENABLE_DEBUG_INFO = YES;
				ONLY_ACTIVE_ARCH = YES;
				SDKROOT = iphoneos;
			};
			name = Debug;
		};
		9AD3AE361CF3290700B19F83 /* Release */ = {
			isa = XCBuildConfiguration;
			buildSettings = {
				ALWAYS_SEARCH_USER_PATHS = NO;
				CLANG_ANALYZER_NONNULL = YES;
				CLANG_CXX_LANGUAGE_STANDARD = "gnu++0x";
				CLANG_CXX_LIBRARY = "libc++";
				CLANG_ENABLE_MODULES = YES;
				CLANG_ENABLE_OBJC_ARC = YES;
				CLANG_WARN_BOOL_CONVERSION = YES;
				CLANG_WARN_CONSTANT_CONVERSION = YES;
				CLANG_WARN_DIRECT_OBJC_ISA_USAGE = YES_ERROR;
				CLANG_WARN_EMPTY_BODY = YES;
				CLANG_WARN_ENUM_CONVERSION = YES;
				CLANG_WARN_INT_CONVERSION = YES;
				CLANG_WARN_OBJC_ROOT_CLASS = YES_ERROR;
				CLANG_WARN_UNREACHABLE_CODE = YES;
				CLANG_WARN__DUPLICATE_METHOD_MATCH = YES;
				"CODE_SIGN_IDENTITY[sdk=iphoneos*]" = "iPhone Developer";
				COPY_PHASE_STRIP = NO;
				DEBUG_INFORMATION_FORMAT = "dwarf-with-dsym";
				ENABLE_NS_ASSERTIONS = NO;
				ENABLE_STRICT_OBJC_MSGSEND = YES;
				GCC_C_LANGUAGE_STANDARD = gnu99;
				GCC_NO_COMMON_BLOCKS = YES;
				GCC_WARN_64_TO_32_BIT_CONVERSION = YES;
				GCC_WARN_ABOUT_RETURN_TYPE = YES_ERROR;
				GCC_WARN_UNDECLARED_SELECTOR = YES;
				GCC_WARN_UNINITIALIZED_AUTOS = YES_AGGRESSIVE;
				GCC_WARN_UNUSED_FUNCTION = YES;
				GCC_WARN_UNUSED_VARIABLE = YES;
				IPHONEOS_DEPLOYMENT_TARGET = 9.3;
				MTL_ENABLE_DEBUG_INFO = NO;
				SDKROOT = iphoneos;
				VALIDATE_PRODUCT = YES;
			};
			name = Release;
		};
		9AD3AE381CF3290700B19F83 /* Debug */ = {
			isa = XCBuildConfiguration;
			buildSettings = {
				OTHER_LDFLAGS = "-ObjC";
				PRODUCT_NAME = "$(TARGET_NAME)";
				SKIP_INSTALL = YES;
			};
			name = Debug;
		};
		9AD3AE391CF3290700B19F83 /* Release */ = {
			isa = XCBuildConfiguration;
			buildSettings = {
				OTHER_LDFLAGS = "-ObjC";
				PRODUCT_NAME = "$(TARGET_NAME)";
				SKIP_INSTALL = YES;
			};
			name = Release;
		};
/* End XCBuildConfiguration section */

/* Begin XCConfigurationList section */
		9AD3AE291CF3290700B19F83 /* Build configuration list for PBXProject "XXLBSEngine" */ = {
			isa = XCConfigurationList;
			buildConfigurations = (
				9AD3AE351CF3290700B19F83 /* Debug */,
				9AD3AE361CF3290700B19F83 /* Release */,
			);
			defaultConfigurationIsVisible = 0;
			defaultConfigurationName = Release;
		};
		9AD3AE371CF3290700B19F83 /* Build configuration list for PBXNativeTarget "XXLBSEngine" */ = {
			isa = XCConfigurationList;
			buildConfigurations = (
				9AD3AE381CF3290700B19F83 /* Debug */,
				9AD3AE391CF3290700B19F83 /* Release */,
			);
			defaultConfigurationIsVisible = 0;
		};
/* End XCConfigurationList section */
	};
	rootObject = 9AD3AE261CF3290700B19F83 /* Project object */;
}
